
Microsoft Visual Studio Solution File, Format Version 12.00
# Visual Studio Version 17
VisualStudioVersion = 17.3.32825.248
MinimumVisualStudioVersion = 10.0.40219.1
Project("{D362925C-D480-43B5-8F7F-9A029936F715}") = "Harp.CameraController", "Harp.CameraController\Harp.CameraController.csproj", "{7C7E91F3-1645-4DBF-95F3-2CFD26C53608}"
EndProject
Global
	GlobalSection(SolutionConfigurationPlatforms) = preSolution
		Debug|Any CPU = Debug|Any CPU
		Release|Any CPU = Release|Any CPU
	EndGlobalSection
	GlobalSection(ProjectConfigurationPlatforms) = postSolution
		{7C7E91F3-1645-4DBF-95F3-2CFD26C53608}.Debug|Any CPU.ActiveCfg = Debug|Any CPU
		{7C7E91F3-1645-4DBF-95F3-2CFD26C53608}.Debug|Any CPU.Build.0 = Debug|Any CPU
		{7C7E91F3-1645-4DBF-95F3-2CFD26C53608}.Release|Any CPU.ActiveCfg = Release|Any CPU
		{7C7E91F3-1645-4DBF-95F3-2CFD26C53608}.Release|Any CPU.Build.0 = Release|Any CPU
	EndGlobalSection
	GlobalSection(SolutionProperties) = preSolution
		HideSolutionNode = FALSE
	EndGlobalSection
	GlobalSection(ExtensibilityGlobals) = postSolution
		SolutionGuid = {1E8E313D-F3A7-4BE6-8C6A-F60EE6C67F01}
	EndGlobalSection
EndGlobal
